
Microsoft Visual Studio Solution File, Format Version 12.00
# Visual Studio 15
VisualStudioVersion = 15.0.28307.168
MinimumVisualStudioVersion = 10.0.40219.1
Project("{FAE04EC0-301F-11D3-BF4B-00C04F79EFBC}") = "snake", "snake.csproj", "{FE653658-BFE5-4EF1-A26F-05F176685BE7}"
EndProject
Global
	GlobalSection(SolutionConfigurationPlatforms) = preSolution
		Debug|Any CPU = Debug|Any CPU
		Release|Any CPU = Release|Any CPU
	EndGlobalSection
	GlobalSection(ProjectConfigurationPlatforms) = postSolution
		{FE653658-BFE5-4EF1-A26F-05F176685BE7}.Debug|Any CPU.ActiveCfg = Debug|Any CPU
		{FE653658-BFE5-4EF1-A26F-05F176685BE7}.Debug|Any CPU.Build.0 = Debug|Any CPU
		{FE653658-BFE5-4EF1-A26F-05F176685BE7}.Release|Any CPU.ActiveCfg = Release|Any CPU
		{FE653658-BFE5-4EF1-A26F-05F176685BE7}.Release|Any CPU.Build.0 = Release|Any CPU
	EndGlobalSection
	GlobalSection(SolutionProperties) = preSolution
		HideSolutionNode = FALSE
	EndGlobalSection
	GlobalSection(ExtensibilityGlobals) = postSolution
		SolutionGuid = {77114A57-FD64-4F65-BBA9-2A50948FF256}
	EndGlobalSection
EndGlobal
